
Microsoft Visual Studio Solution File, Format Version 12.00
# Visual Studio Version 16
VisualStudioVersion = 16.0.31424.327
MinimumVisualStudioVersion = 10.0.40219.1
Project("{FAE04EC0-301F-11D3-BF4B-00C04F79EFBC}") = "URI_JUNGLE 1007", "URI_JUNGLE 1007\URI_JUNGLE 1007.csproj", "{C391248A-862D-4BFA-B943-7487949F0637}"
EndProject
Global
	GlobalSection(SolutionConfigurationPlatforms) = preSolution
		Debug|Any CPU = Debug|Any CPU
		Release|Any CPU = Release|Any CPU
	EndGlobalSection
	GlobalSection(ProjectConfigurationPlatforms) = postSolution
		{C391248A-862D-4BFA-B943-7487949F0637}.Debug|Any CPU.ActiveCfg = Debug|Any CPU
		{C391248A-862D-4BFA-B943-7487949F0637}.Debug|Any CPU.Build.0 = Debug|Any CPU
		{C391248A-862D-4BFA-B943-7487949F0637}.Release|Any CPU.ActiveCfg = Release|Any CPU
		{C391248A-862D-4BFA-B943-7487949F0637}.Release|Any CPU.Build.0 = Release|Any CPU
	EndGlobalSection
	GlobalSection(SolutionProperties) = preSolution
		HideSolutionNode = FALSE
	EndGlobalSection
	GlobalSection(ExtensibilityGlobals) = postSolution
		SolutionGuid = {15687CE0-9DC4-44B6-9638-45D81AA4ED91}
	EndGlobalSection
EndGlobal
